# This file is generated by running "yarn install" inside your project.
# Manual changes might be lost - proceed with caution!

__metadata:
  version: 4
  cacheKey: 8c0

"@babel/runtime@npm:^7.12.0":
  version: 7.15.4
  resolution: "@babel/runtime@npm:7.15.4"
  dependencies:
    regenerator-runtime: ^0.13.4
  checksum: 2e366347254c9d3e738641d88a086cdfb1de516111e50ebbe9e6b5d8ed78d41819cf991fc0804fa50e04ae7a2157cc28ef3b4180781af5fecfe65310d7ebf301
  languageName: node
  linkType: hard

"@liuli-util/array@npm:^3.2.7":
  version: 3.2.7
  resolution: "@liuli-util/array@npm:3.2.7"
  checksum: 7525b75c7d850cca8f874b15ce38dc4bb20266e47dcdeb2f3e992ec533b109911ac4a342223bd52be0ecb58fe6d0142de2de93f32e3d68e106a9de31e9d35fc4
  languageName: node
  linkType: hard

"@liuli-util/async@npm:^3.2.7":
  version: 3.2.7
  resolution: "@liuli-util/async@npm:3.2.7"
  checksum: 94a867f0a001969c83c2474d4f9c189fc95c4c57b4ea71ad545eaaeb082bd0ff63da8a2c241bae55c1a474dc3accbb1b4888c77946df2ef16bb0c5cad9fb0cb8
  languageName: node
  linkType: hard

"@liuli-util/i18next-util@npm:^0.2.0":
  version: 0.2.0
  resolution: "@liuli-util/i18next-util@npm:0.2.0"
  peerDependencies:
    i18next: ^20.3.3
  checksum: 5fe3310cb5fd11a5c509ab356f0546e753c1e9c4cb780b0d0cce962509931b588f6dfdfbbc59dbcc16cf18da099306d379f92318b81cda16b30292f8acf9e409
  languageName: node
  linkType: hard

"@liuli-util/object@npm:^3.2.3, @liuli-util/object@npm:^3.2.7":
  version: 3.2.7
  resolution: "@liuli-util/object@npm:3.2.7"
  checksum: ea9759f3d6d3856874cb557ad4ec05eff1890d1b039538186e786c60a12eed03f8dfab3465bd13c233eeb3626a91930d3c861757c100d6ac6c009bd15652452d
  languageName: node
  linkType: hard

"@liuli-util/tree@npm:^3.2.7":
  version: 3.2.7
  resolution: "@liuli-util/tree@npm:3.2.7"
  checksum: d0e8c196fa7e0167fb9dd45e970a43a2f9de8faba65c894d7a215fdb3bf59d0e8f6e1f1704514742db41eed46bdcfb797ca5a1c876af6b0887e092c51d41838d
  languageName: node
  linkType: hard

"@types/mdast@npm:^3.0.0":
  version: 3.0.10
  resolution: "@types/mdast@npm:3.0.10"
  dependencies:
    "@types/unist": "*"
  checksum: 375f08b3910505291b2815d9edf55dca63c6c4ec58dd33c866521e68905fd4e8fe83b397e167af2cdd3799b851a7e02817d58610cfb814aee20bf3c52d87be9b
  languageName: node
  linkType: hard

"@types/unist@npm:*, @types/unist@npm:^2.0.0, @types/unist@npm:^2.0.2":
  version: 2.0.6
  resolution: "@types/unist@npm:2.0.6"
  checksum: 8690789328e8e10c487334341fcf879fd49f8987c98ce49849f9871052f95d87477735171bb661e6f551bdb95235e015dfdad1867ca1d9b5b88a053f72ac40eb
  languageName: node
  linkType: hard

"ansi-regex@npm:^5.0.1":
  version: 5.0.1
  resolution: "ansi-regex@npm:5.0.1"
  checksum: 9a64bb8627b434ba9327b60c027742e5d17ac69277960d041898596271d992d4d52ba7267a63ca10232e29f6107fc8a835f6ce8d719b88c5f8493f8254813737
  languageName: node
  linkType: hard

"ansi-styles@npm:^4.1.0":
  version: 4.3.0
  resolution: "ansi-styles@npm:4.3.0"
  dependencies:
    color-convert: ^2.0.1
  checksum: 895a23929da416f2bd3de7e9cb4eabd340949328ab85ddd6e484a637d8f6820d485f53933446f5291c3b760cbc488beb8e88573dd0f9c7daf83dccc8fe81b041
  languageName: node
  linkType: hard

"asynckit@npm:^0.4.0":
  version: 0.4.0
  resolution: "asynckit@npm:0.4.0"
  checksum: d73e2ddf20c4eb9337e1b3df1a0f6159481050a5de457c55b14ea2e5cb6d90bb69e004c9af54737a5ee0917fcf2c9e25de67777bbe58261847846066ba75bc9d
  languageName: node
  linkType: hard

"at-least-node@npm:^1.0.0":
  version: 1.0.0
  resolution: "at-least-node@npm:1.0.0"
  checksum: 4c058baf6df1bc5a1697cf182e2029c58cd99975288a13f9e70068ef5d6f4e1f1fd7c4d2c3c4912eae44797d1725be9700995736deca441b39f3e66d8dee97ef
  languageName: node
  linkType: hard

"axios@npm:^0.21.0":
  version: 0.21.4
  resolution: "axios@npm:0.21.4"
  dependencies:
    follow-redirects: ^1.14.0
  checksum: fbcff55ec68f71f02d3773d467db2fcecdf04e749826c82c2427a232f9eba63242150a05f15af9ef15818352b814257541155de0281f8fb2b7e8a5b79f7f2142
  languageName: node
  linkType: hard

"bail@npm:^1.0.0":
  version: 1.0.5
  resolution: "bail@npm:1.0.5"
  checksum: 4cf7d0b5c82fdc69590b3fe85c17c4ec37647681b20875551fd6187a85c122b20178dc118001d3ebd5d0ab3dc0e95637c71f889f481882ee761db43c6b16fa05
  languageName: node
  linkType: hard

"base64-js@npm:^1.3.1":
  version: 1.5.1
  resolution: "base64-js@npm:1.5.1"
  checksum: f23823513b63173a001030fae4f2dabe283b99a9d324ade3ad3d148e218134676f1ee8568c877cd79ec1c53158dcf2d2ba527a97c606618928ba99dd930102bf
  languageName: node
  linkType: hard

"bl@npm:^4.1.0":
  version: 4.1.0
  resolution: "bl@npm:4.1.0"
  dependencies:
    buffer: ^5.5.0
    inherits: ^2.0.4
    readable-stream: ^3.4.0
  checksum: 02847e1d2cb089c9dc6958add42e3cdeaf07d13f575973963335ac0fdece563a50ac770ac4c8fa06492d2dd276f6cc3b7f08c7cd9c7a7ad0f8d388b2a28def5f
  languageName: node
  linkType: hard

"buffer@npm:^5.5.0":
  version: 5.7.1
  resolution: "buffer@npm:5.7.1"
  dependencies:
    base64-js: ^1.3.1
    ieee754: ^1.1.13
  checksum: 27cac81cff434ed2876058d72e7c4789d11ff1120ef32c9de48f59eab58179b66710c488987d295ae89a228f835fc66d088652dffeb8e3ba8659f80eb091d55e
  languageName: node
  linkType: hard

"ccount@npm:^1.0.0":
  version: 1.1.0
  resolution: "ccount@npm:1.1.0"
  checksum: 9ccfddfa45c8d6d01411b8e30d2ce03c55c33f32a69bdb84ee44d743427cdb01b03159954917023d0dac960c34973ba42626bb9fa883491ebb663a53a6713d43
  languageName: node
  linkType: hard

"chalk@npm:^4.1.0":
  version: 4.1.2
  resolution: "chalk@npm:4.1.2"
  dependencies:
    ansi-styles: ^4.1.0
    supports-color: ^7.1.0
  checksum: 4a3fef5cc34975c898ffe77141450f679721df9dde00f6c304353fa9c8b571929123b26a0e4617bde5018977eb655b31970c297b91b63ee83bb82aeb04666880
  languageName: node
  linkType: hard

"character-entities-legacy@npm:^1.0.0":
  version: 1.1.4
  resolution: "character-entities-legacy@npm:1.1.4"
  checksum: ea4ca9c29887335eed86d78fc67a640168342b1274da84c097abb0575a253d1265281a5052f9a863979e952bcc267b4ecaaf4fe233a7e1e0d8a47806c65b96c7
  languageName: node
  linkType: hard

"character-entities@npm:^1.0.0":
  version: 1.2.4
  resolution: "character-entities@npm:1.2.4"
  checksum: ad015c3d7163563b8a0ee1f587fb0ef305ef344e9fd937f79ca51cccc233786a01d591d989d5bf7b2e66b528ac9efba47f3b1897358324e69932f6d4b25adfe1
  languageName: node
  linkType: hard

"character-reference-invalid@npm:^1.0.0":
  version: 1.1.4
  resolution: "character-reference-invalid@npm:1.1.4"
  checksum: 29f05081c5817bd1e975b0bf61e77b60a40f62ad371d0f0ce0fdb48ab922278bc744d1fbe33771dced751887a8403f265ff634542675c8d7375f6ff4811efd0e
  languageName: node
  linkType: hard

"cli-cursor@npm:^3.1.0":
  version: 3.1.0
  resolution: "cli-cursor@npm:3.1.0"
  dependencies:
    restore-cursor: ^3.1.0
  checksum: 92a2f98ff9037d09be3dfe1f0d749664797fb674bf388375a2207a1203b69d41847abf16434203e0089212479e47a358b13a0222ab9fccfe8e2644a7ccebd111
  languageName: node
  linkType: hard

"cli-spinners@npm:^2.5.0":
  version: 2.6.1
  resolution: "cli-spinners@npm:2.6.1"
  checksum: 6abcdfef59aa68e6b51376d87d257f9120a0a7120a39dd21633702d24797decb6dc747dff2217c88732710db892b5053c5c672d221b6c4d13bbcb5372e203596
  languageName: node
  linkType: hard

"clone@npm:^1.0.2":
  version: 1.0.4
  resolution: "clone@npm:1.0.4"
  checksum: 2176952b3649293473999a95d7bebfc9dc96410f6cbd3d2595cf12fd401f63a4bf41a7adbfd3ab2ff09ed60cb9870c58c6acdd18b87767366fabfc163700f13b
  languageName: node
  linkType: hard

"color-convert@npm:^2.0.1":
  version: 2.0.1
  resolution: "color-convert@npm:2.0.1"
  dependencies:
    color-name: ~1.1.4
  checksum: 37e1150172f2e311fe1b2df62c6293a342ee7380da7b9cfdba67ea539909afbd74da27033208d01d6d5cfc65ee7868a22e18d7e7648e004425441c0f8a15a7d7
  languageName: node
  linkType: hard

"color-name@npm:~1.1.4":
  version: 1.1.4
  resolution: "color-name@npm:1.1.4"
  checksum: a1a3f914156960902f46f7f56bc62effc6c94e84b2cae157a526b1c1f74b677a47ec602bf68a61abfa2b42d15b7c5651c6dbe72a43af720bc588dff885b10f95
  languageName: node
  linkType: hard

"combined-stream@npm:^1.0.8":
  version: 1.0.8
  resolution: "combined-stream@npm:1.0.8"
  dependencies:
    delayed-stream: ~1.0.0
  checksum: 0dbb829577e1b1e839fa82b40c07ffaf7de8a09b935cadd355a73652ae70a88b4320db322f6634a4ad93424292fa80973ac6480986247f1734a1137debf271d5
  languageName: node
  linkType: hard

"comlink@npm:^4.3.1":
  version: 4.3.1
  resolution: "comlink@npm:4.3.1"
  checksum: 2db3db5437c75d31cacce052142b1fd5a81bbaccbeff647e9fabfdb8f4022f62b63c07efa0de5108d09f206dd032ad76c04ef43a1e786ddc6de172e4089217f4
  languageName: node
  linkType: hard

"commander@npm:^7.2.0":
  version: 7.2.0
  resolution: "commander@npm:7.2.0"
  checksum: 8d690ff13b0356df7e0ebbe6c59b4712f754f4b724d4f473d3cc5b3fdcf978e3a5dc3078717858a2ceb50b0f84d0660a7f22a96cdc50fb877d0c9bb31593d23a
  languageName: node
  linkType: hard

"cross-spawn@npm:^7.0.0":
  version: 7.0.3
  resolution: "cross-spawn@npm:7.0.3"
  dependencies:
    path-key: ^3.1.0
    shebang-command: ^2.0.0
    which: ^2.0.1
  checksum: 5738c312387081c98d69c98e105b6327b069197f864a60593245d64c8089c8a0a744e16349281210d56835bb9274130d825a78b2ad6853ca13cfbeffc0c31750
  languageName: node
  linkType: hard

"debug@npm:^4.0.0":
  version: 4.3.2
  resolution: "debug@npm:4.3.2"
  dependencies:
    ms: 2.1.2
  peerDependenciesMeta:
    supports-color:
      optional: true
  checksum: 3cc408070bcee066ee9b2a4f3a9c40f53728919ec7c7ff568f7c3a75b0723cb5a8407191a63495be4e10669e99b0ff7f26ec70e10b025da1898cdce4876d96ca
  languageName: node
  linkType: hard

"decode-uri-component@npm:^0.2.0":
  version: 0.2.0
  resolution: "decode-uri-component@npm:0.2.0"
  checksum: dbc3c72e4a740703f76fb3f51e35bb81546aa3e8c7897e015b8bc289813d3044ad6eaa6048fbb43f6b7b34ef005527b7511da50399caa78b91ee39266a341822
  languageName: node
  linkType: hard

"defaults@npm:^1.0.3":
  version: 1.0.3
  resolution: "defaults@npm:1.0.3"
  dependencies:
    clone: ^1.0.2
  checksum: c9ba6718eb293fa701652e28967b87102fc13d8e33997748191ad8ed3b2235714bd3661e8505bed06994e6b4604a1281c35462ec328c2bbedd79ebbf7e82adb2
  languageName: node
  linkType: hard

"delayed-stream@npm:~1.0.0":
  version: 1.0.0
  resolution: "delayed-stream@npm:1.0.0"
  checksum: d758899da03392e6712f042bec80aa293bbe9e9ff1b2634baae6a360113e708b91326594c8a486d475c69d6259afb7efacdc3537bfcda1c6c648e390ce601b19
  languageName: node
  linkType: hard

"end-of-stream@npm:^1.1.0":
  version: 1.4.4
  resolution: "end-of-stream@npm:1.4.4"
  dependencies:
    once: ^1.4.0
  checksum: 870b423afb2d54bb8d243c63e07c170409d41e20b47eeef0727547aea5740bd6717aca45597a9f2745525667a6b804c1e7bede41f856818faee5806dd9ff3975
  languageName: node
  linkType: hard

"escape-string-regexp@npm:^4.0.0":
  version: 4.0.0
  resolution: "escape-string-regexp@npm:4.0.0"
  checksum: 9497d4dd307d845bd7f75180d8188bb17ea8c151c1edbf6b6717c100e104d629dc2dfb687686181b0f4b7d732c7dfdc4d5e7a8ff72de1b0ca283a75bbb3a9cd9
  languageName: node
  linkType: hard

"execa@npm:^4.0.0":
  version: 4.1.0
  resolution: "execa@npm:4.1.0"
  dependencies:
    cross-spawn: ^7.0.0
    get-stream: ^5.0.0
    human-signals: ^1.1.1
    is-stream: ^2.0.0
    merge-stream: ^2.0.0
    npm-run-path: ^4.0.0
    onetime: ^5.1.0
    signal-exit: ^3.0.2
    strip-final-newline: ^2.0.0
  checksum: 02211601bb1c52710260edcc68fb84c3c030dc68bafc697c90ada3c52cc31375337de8c24826015b8382a58d63569ffd203b79c94fef217d65503e3e8d2c52ba
  languageName: node
  linkType: hard

"extend@npm:^3.0.0":
  version: 3.0.2
  resolution: "extend@npm:3.0.2"
  checksum: 73bf6e27406e80aa3e85b0d1c4fd987261e628064e170ca781125c0b635a3dabad5e05adbf07595ea0cf1e6c5396cacb214af933da7cbaf24fe75ff14818e8f9
  languageName: node
  linkType: hard

"figlet@npm:^1.5.0":
  version: 1.5.2
  resolution: "figlet@npm:1.5.2"
  checksum: be37f402a608bdd2ab546ea73745cfbe68c1fd5f52236038fafc5f854588e578db236a9628562af67f717b11864e690fa658b79d8b868d58e00896eb4026209f
  languageName: node
  linkType: hard

"filter-obj@npm:^1.1.0":
  version: 1.1.0
  resolution: "filter-obj@npm:1.1.0"
  checksum: 071e0886b2b50238ca5026c5bbf58c26a7c1a1f720773b8c7813d16ba93d0200de977af14ac143c5ac18f666b2cfc83073f3a5fe6a4e996c49e0863d5500fccf
  languageName: node
  linkType: hard

"follow-redirects@npm:^1.14.0":
  version: 1.14.4
  resolution: "follow-redirects@npm:1.14.4"
  peerDependenciesMeta:
    debug:
      optional: true
  checksum: 7519a3dd7fa3ea1ec203e8d33c2372d772cc1eafe50c2b473235dfc32923850c0803ed4118e39c64c76270dcde2942d1f1e556875325af021740cdcbda596305
  languageName: node
  linkType: hard

"form-data@npm:^3.0.0":
  version: 3.0.1
  resolution: "form-data@npm:3.0.1"
  dependencies:
    asynckit: ^0.4.0
    combined-stream: ^1.0.8
    mime-types: ^2.1.12
  checksum: 1ccc3ae064a080a799923f754d49fcebdd90515a8924f0f54de557540b50e7f1fe48ba5f2bd0435a5664aa2d49729107e6aaf2155a9abf52339474c5638b4485
  languageName: node
  linkType: hard

"fs-extra@npm:^9.0.1":
  version: 9.1.0
  resolution: "fs-extra@npm:9.1.0"
  dependencies:
    at-least-node: ^1.0.0
    graceful-fs: ^4.2.0
    jsonfile: ^6.0.1
    universalify: ^2.0.0
  checksum: 9b808bd884beff5cb940773018179a6b94a966381d005479f00adda6b44e5e3d4abf765135773d849cc27efe68c349e4a7b86acd7d3306d5932c14f3a4b17a92
  languageName: node
  linkType: hard

"get-stream@npm:^5.0.0":
  version: 5.2.0
  resolution: "get-stream@npm:5.2.0"
  dependencies:
    pump: ^3.0.0
  checksum: 43797ffd815fbb26685bf188c8cfebecb8af87b3925091dd7b9a9c915993293d78e3c9e1bce125928ff92f2d0796f3889b92b5ec6d58d1041b574682132e0a80
  languageName: node
  linkType: hard

"graceful-fs@npm:^4.1.6, graceful-fs@npm:^4.2.0":
  version: 4.2.8
  resolution: "graceful-fs@npm:4.2.8"
  checksum: 68365485460f7d2e95c05c1b7aeee935349f3b7776488d5bd95a45d8a45bd4977442e88cbbdb4ea01bc72f49f01f75d83f049069774ac8cc4328af4bcff1c542
  languageName: node
  linkType: hard

"has-flag@npm:^4.0.0":
  version: 4.0.0
  resolution: "has-flag@npm:4.0.0"
  checksum: 2e789c61b7888d66993e14e8331449e525ef42aac53c627cc53d1c3334e768bcb6abdc4f5f0de1478a25beec6f0bd62c7549058b7ac53e924040d4f301f02fd1
  languageName: node
  linkType: hard

"human-signals@npm:^1.1.1":
  version: 1.1.1
  resolution: "human-signals@npm:1.1.1"
  checksum: 18810ed239a7a5e23fb6c32d0fd4be75d7cd337a07ad59b8dbf0794cb0761e6e628349ee04c409e605fe55344716eab5d0a47a62ba2a2d0d367c89a2b4247b1e
  languageName: node
  linkType: hard

"i18next@npm:^19.8.4":
  version: 19.9.2
  resolution: "i18next@npm:19.9.2"
  dependencies:
    "@babel/runtime": ^7.12.0
  checksum: ee4991039a9acfff3ff4d5872ba183fce6ddc7017b689095d3d3df98ca16c0563f7d1333b4a4d3d4de65af5a521661bed36d677a5dd712c62095683e33f33a66
  languageName: node
  linkType: hard

"ieee754@npm:^1.1.13":
  version: 1.2.1
  resolution: "ieee754@npm:1.2.1"
  checksum: b0782ef5e0935b9f12883a2e2aa37baa75da6e66ce6515c168697b42160807d9330de9a32ec1ed73149aea02e0d822e572bca6f1e22bdcbd2149e13b050b17bb
  languageName: node
  linkType: hard

"inherits@npm:^2.0.3, inherits@npm:^2.0.4":
  version: 2.0.4
  resolution: "inherits@npm:2.0.4"
  checksum: 4e531f648b29039fb7426fb94075e6545faa1eb9fe83c29f0b6d9e7263aceb4289d2d4557db0d428188eeb449cc7c5e77b0a0b2c4e248ff2a65933a0dee49ef2
  languageName: node
  linkType: hard

"invert-kv@npm:^3.0.0":
  version: 3.0.1
  resolution: "invert-kv@npm:3.0.1"
  checksum: a3d90951a635e35dea9c9a5fd749e981e9c54e8a362ad80b2253dad03b9257314b7c4e4d250d61bcd79698ccd5f4c6b0c750cd991bb5ce16352bf830e77ea64b
  languageName: node
  linkType: hard

"is-alphabetical@npm:^1.0.0":
  version: 1.0.4
  resolution: "is-alphabetical@npm:1.0.4"
  checksum: 1505b1de5a1fd74022c05fb21b0e683a8f5229366bac8dc4d34cf6935bcfd104d1125a5e6b083fb778847629f76e5bdac538de5367bdf2b927a1356164e23985
  languageName: node
  linkType: hard

"is-alphanumerical@npm:^1.0.0":
  version: 1.0.4
  resolution: "is-alphanumerical@npm:1.0.4"
  dependencies:
    is-alphabetical: ^1.0.0
    is-decimal: ^1.0.0
  checksum: d623abae7130a7015c6bf33d99151d4e7005572fd170b86568ff4de5ae86ac7096608b87dd4a1d4dbbd497e392b6396930ba76c9297a69455909cebb68005905
  languageName: node
  linkType: hard

"is-buffer@npm:^2.0.0":
  version: 2.0.5
  resolution: "is-buffer@npm:2.0.5"
  checksum: e603f6fced83cf94c53399cff3bda1a9f08e391b872b64a73793b0928be3e5f047f2bcece230edb7632eaea2acdbfcb56c23b33d8a20c820023b230f1485679a
  languageName: node
  linkType: hard

"is-decimal@npm:^1.0.0":
  version: 1.0.4
  resolution: "is-decimal@npm:1.0.4"
  checksum: a4ad53c4c5c4f5a12214e7053b10326711f6a71f0c63ba1314a77bd71df566b778e4ebd29f9fb6815f07a4dc50c3767fb19bd6fc9fa05e601410f1d64ffeac48
  languageName: node
  linkType: hard

"is-hexadecimal@npm:^1.0.0":
  version: 1.0.4
  resolution: "is-hexadecimal@npm:1.0.4"
  checksum: ec4c64e5624c0f240922324bc697e166554f09d3ddc7633fc526084502626445d0a871fbd8cae52a9844e83bd0bb414193cc5a66806d7b2867907003fc70c5ea
  languageName: node
  linkType: hard

"is-interactive@npm:^1.0.0":
  version: 1.0.0
  resolution: "is-interactive@npm:1.0.0"
  checksum: dd47904dbf286cd20aa58c5192161be1a67138485b9836d5a70433b21a45442e9611b8498b8ab1f839fc962c7620667a50535fdfb4a6bc7989b8858645c06b4d
  languageName: node
  linkType: hard

"is-plain-obj@npm:^2.0.0":
  version: 2.1.0
  resolution: "is-plain-obj@npm:2.1.0"
  checksum: e5c9814cdaa627a9ad0a0964ded0e0491bfd9ace405c49a5d63c88b30a162f1512c069d5b80997893c4d0181eadc3fed02b4ab4b81059aba5620bfcdfdeb9c53
  languageName: node
  linkType: hard

"is-stream@npm:^2.0.0":
  version: 2.0.1
  resolution: "is-stream@npm:2.0.1"
  checksum: 7c284241313fc6efc329b8d7f08e16c0efeb6baab1b4cd0ba579eb78e5af1aa5da11e68559896a2067cd6c526bd29241dda4eb1225e627d5aa1a89a76d4635a5
  languageName: node
  linkType: hard

"is-unicode-supported@npm:^0.1.0":
  version: 0.1.0
  resolution: "is-unicode-supported@npm:0.1.0"
  checksum: 00cbe3455c3756be68d2542c416cab888aebd5012781d6819749fefb15162ff23e38501fe681b3d751c73e8ff561ac09a5293eba6f58fdf0178462ce6dcb3453
  languageName: node
  linkType: hard

"isexe@npm:^2.0.0":
  version: 2.0.0
  resolution: "isexe@npm:2.0.0"
  checksum: 228cfa503fadc2c31596ab06ed6aa82c9976eec2bfd83397e7eaf06d0ccf42cd1dfd6743bf9aeb01aebd4156d009994c5f76ea898d2832c1fe342da923ca457d
  languageName: node
  linkType: hard

"joplin-api@npm:^0.3.0":
  version: 0.3.1
  resolution: "joplin-api@npm:0.3.1"
  dependencies:
    "@liuli-util/object": ^3.2.3
    axios: ^0.21.0
    form-data: ^3.0.0
    node-fetch: ^2.6.1
    query-string: ^6.13.7
  checksum: 15fc691736ff49a02a8e47cb500fe03b6ecb8326378d9ea9be7fb7c19813aec1dd245a42019b7553b49375db383d25235dccb009fd9b14b8ffb375e0752974fe
  languageName: node
  linkType: hard

"joplin-blog@npm:^0.7.0":
  version: 0.7.0
  resolution: "joplin-blog@npm:0.7.0"
  dependencies:
    "@liuli-util/array": ^3.2.7
    "@liuli-util/async": ^3.2.7
    "@liuli-util/i18next-util": ^0.2.0
    "@liuli-util/object": ^3.2.7
    "@liuli-util/tree": ^3.2.7
    comlink: ^4.3.1
    commander: ^7.2.0
    figlet: ^1.5.0
    fs-extra: ^9.0.1
    i18next: ^19.8.4
    joplin-api: ^0.3.0
    luxon: ^1.25.0
    mdast: ^3.0.0
    ora: ^5.4.0
    os-locale: ^5.0.0
    prettier: ^2.2.1
    remark-gfm: ^1.0.0
    remark-parse: ^9.0.0
    remark-stringify: ^9.0.1
    unified: ^9.2.0
    unist-util-map: ^2.0.1
    unist-util-visit: ^2.0.3
    yaml: ^1.10.0
  bin:
    joplin-blog: dist/cjs/bin.js
  checksum: 63c1f60ae9f36305b55bbe17c6a84538e1b304d9e732a7349ddaf85eac62427805871a666f34e099402017d1bb8815e5062b976e9ffbb3cf14d3a1d8a138a7a4
  languageName: node
  linkType: hard

"jsonfile@npm:^6.0.1":
  version: 6.1.0
  resolution: "jsonfile@npm:6.1.0"
  dependencies:
    graceful-fs: ^4.1.6
    universalify: ^2.0.0
  dependenciesMeta:
    graceful-fs:
      optional: true
  checksum: 4f95b5e8a5622b1e9e8f33c96b7ef3158122f595998114d1e7f03985649ea99cb3cd99ce1ed1831ae94c8c8543ab45ebd044207612f31a56fd08462140e46865
  languageName: node
  linkType: hard

"lcid@npm:^3.0.0":
  version: 3.1.1
  resolution: "lcid@npm:3.1.1"
  dependencies:
    invert-kv: ^3.0.0
  checksum: 43a39c39d92d756b9671691bb36ac2667c44c4a7e30f55403dc9c98ca4e7bba8c2b35599e8d7967163d65c1697e0d136596e9a9b9bccbd2292caf915c77416a4
  languageName: node
  linkType: hard

"log-symbols@npm:^4.1.0":
  version: 4.1.0
  resolution: "log-symbols@npm:4.1.0"
  dependencies:
    chalk: ^4.1.0
    is-unicode-supported: ^0.1.0
  checksum: 67f445a9ffa76db1989d0fa98586e5bc2fd5247260dafb8ad93d9f0ccd5896d53fb830b0e54dade5ad838b9de2006c826831a3c528913093af20dff8bd24aca6
  languageName: node
  linkType: hard

"longest-streak@npm:^2.0.0":
  version: 2.0.4
  resolution: "longest-streak@npm:2.0.4"
  checksum: 918fb5104cde537757f44431776d6d828bc091a63ca38a3b3e59a08b88498b4421bf5fd9823ef22b4d186f0234d9943087fa96bd6117d26dedcf6008480fd46a
  languageName: node
  linkType: hard

"luxon@npm:^1.25.0":
  version: 1.28.0
  resolution: "luxon@npm:1.28.0"
  checksum: 26654cccad3eee5a908f6d609dcc7578ac7c5df6906ab578762cddde71e05e806e892dbf690e06c397dda2b2fd2d3bb3e33ce36cce61b4099ad621d80614e02a
  languageName: node
  linkType: hard

"map-age-cleaner@npm:^0.1.3":
  version: 0.1.3
  resolution: "map-age-cleaner@npm:0.1.3"
  dependencies:
    p-defer: ^1.0.0
  checksum: 7495236c7b0950956c144fd8b4bc6399d4e78072a8840a4232fe1c4faccbb5eb5d842e5c0a56a60afc36d723f315c1c672325ca03c1b328650f7fcc478f385fd
  languageName: node
  linkType: hard

"markdown-table@npm:^2.0.0":
  version: 2.0.0
  resolution: "markdown-table@npm:2.0.0"
  dependencies:
    repeat-string: ^1.0.0
  checksum: f257e0781ea50eb946919df84bdee4ba61f983971b277a369ca7276f89740fd0e2749b9b187163a42df4c48682b71962d4007215ce3523480028f06c11ddc2e6
  languageName: node
  linkType: hard

"mdast-util-find-and-replace@npm:^1.1.0":
  version: 1.1.1
  resolution: "mdast-util-find-and-replace@npm:1.1.1"
  dependencies:
    escape-string-regexp: ^4.0.0
    unist-util-is: ^4.0.0
    unist-util-visit-parents: ^3.0.0
  checksum: 4b9da583e858146a6553155795ef2f0d37b72b8d20487f75895e01fd240a483fbdb97f5aecd218e8ce598be24edb742c5bcbcba2896d172101529376ef390633
  languageName: node
  linkType: hard

"mdast-util-from-markdown@npm:^0.8.0":
  version: 0.8.5
  resolution: "mdast-util-from-markdown@npm:0.8.5"
  dependencies:
    "@types/mdast": ^3.0.0
    mdast-util-to-string: ^2.0.0
    micromark: ~2.11.0
    parse-entities: ^2.0.0
    unist-util-stringify-position: ^2.0.0
  checksum: 86e7589e574378817c180f10ab602db844b6b71b7b1769314947a02ef42ac5c1435f5163d02a975ae8cdab8b6e6176acbd9188da1848ddd5f0d5e09d0291c870
  languageName: node
  linkType: hard

"mdast-util-gfm-autolink-literal@npm:^0.1.0":
  version: 0.1.3
  resolution: "mdast-util-gfm-autolink-literal@npm:0.1.3"
  dependencies:
    ccount: ^1.0.0
    mdast-util-find-and-replace: ^1.1.0
    micromark: ^2.11.3
  checksum: 155665a88a9b11fb5f8b6c5bff1a1e9d30f7381ff8c1864c7ede1eab4e312c51cef1e92e113cda174ebad40181350e555c303fa3293a1dc60b8945818d0af39a
  languageName: node
  linkType: hard

"mdast-util-gfm-strikethrough@npm:^0.2.0":
  version: 0.2.3
  resolution: "mdast-util-gfm-strikethrough@npm:0.2.3"
  dependencies:
    mdast-util-to-markdown: ^0.6.0
  checksum: 1de00913769c252add1f48fea547121d971ef7a8bfe6a89b775dea38aa319e6b10b6f514b492586aa7e660f8880b5c2390e411302a0b2386ed793f914b9eca71
  languageName: node
  linkType: hard

"mdast-util-gfm-table@npm:^0.1.0":
  version: 0.1.6
  resolution: "mdast-util-gfm-table@npm:0.1.6"
  dependencies:
    markdown-table: ^2.0.0
    mdast-util-to-markdown: ~0.6.0
  checksum: a3b3fa2f91a44054dbe7e8a4cba1bcaa35255633da7850ad2688c60d1e1825d5d668774f31689d018d9f04cadc68f6055349048192c89a0e6c2ccb91a7ae7d1f
  languageName: node
  linkType: hard

"mdast-util-gfm-task-list-item@npm:^0.1.0":
  version: 0.1.6
  resolution: "mdast-util-gfm-task-list-item@npm:0.1.6"
  dependencies:
    mdast-util-to-markdown: ~0.6.0
  checksum: 6b5b5239f031b630cd433cfd0bb30b7258dfac7d49c86a2c937127bc00fda186f798cf2a671507bcfad00f075d2d8779be9c109549052d98f1b4927e6e12d8be
  languageName: node
  linkType: hard

"mdast-util-gfm@npm:^0.1.0":
  version: 0.1.2
  resolution: "mdast-util-gfm@npm:0.1.2"
  dependencies:
    mdast-util-gfm-autolink-literal: ^0.1.0
    mdast-util-gfm-strikethrough: ^0.2.0
    mdast-util-gfm-table: ^0.1.0
    mdast-util-gfm-task-list-item: ^0.1.0
    mdast-util-to-markdown: ^0.6.1
  checksum: 109c5f3e3340c25ecec5fb0b9b1a4137fb0948ffbc38ed4b85d477f3da471c2a475a84f2cb2569663768d6967aedf0f3a18b936ea907d0e34374f4eeaed18c5a
  languageName: node
  linkType: hard

"mdast-util-to-markdown@npm:^0.6.0, mdast-util-to-markdown@npm:^0.6.1, mdast-util-to-markdown@npm:~0.6.0":
  version: 0.6.5
  resolution: "mdast-util-to-markdown@npm:0.6.5"
  dependencies:
    "@types/unist": ^2.0.0
    longest-streak: ^2.0.0
    mdast-util-to-string: ^2.0.0
    parse-entities: ^2.0.0
    repeat-string: ^1.0.0
    zwitch: ^1.0.0
  checksum: 716035b75a50394298eb31acee60a20d06310c7ebf83a3009908714d8c4058d636344932c9c054f1a26e8c6c20e2aafda3b87e003c16037b3e16b2d260a87463
  languageName: node
  linkType: hard

"mdast-util-to-string@npm:^2.0.0":
  version: 2.0.0
  resolution: "mdast-util-to-string@npm:2.0.0"
  checksum: a4231085133cdfec24644b694c13661e5a01d26716be0105b6792889faa04b8030e4abbf72d4be3363098b2b38b2b98f1f1f1f0858eb6580dc04e2aca1436a37
  languageName: node
  linkType: hard

"mdast@npm:^3.0.0":
  version: 3.0.0
  resolution: "mdast@npm:3.0.0"
  checksum: dce2d68e9772705b675e7ebb543640e9f1361ff874eed818677304a351486904f427f87deff8bbd21942e58ed0d2ee3ddcfc1d010aea0de92b4a62ff0f94f0ff
  languageName: node
  linkType: hard

"mem@npm:^5.0.0":
  version: 5.1.1
  resolution: "mem@npm:5.1.1"
  dependencies:
    map-age-cleaner: ^0.1.3
    mimic-fn: ^2.1.0
    p-is-promise: ^2.1.0
  checksum: 2fa86d04793d95665379d5f45b5aede2d1b88b9ec845db3274956c75bb9e88834a78605b683344d0ca03d45432124774589ca4bd0c83d481b80c2f2cd97914b3
  languageName: node
  linkType: hard

"merge-stream@npm:^2.0.0":
  version: 2.0.0
  resolution: "merge-stream@npm:2.0.0"
  checksum: 867fdbb30a6d58b011449b8885601ec1690c3e41c759ecd5a9d609094f7aed0096c37823ff4a7190ef0b8f22cc86beb7049196ff68c016e3b3c671d0dac91ce5
  languageName: node
  linkType: hard

"micromark-extension-gfm-autolink-literal@npm:~0.5.0":
  version: 0.5.7
  resolution: "micromark-extension-gfm-autolink-literal@npm:0.5.7"
  dependencies:
    micromark: ~2.11.3
  checksum: 4e56021641200cd88a9e05be531405bba007db9187554e06d0dfb5d8c49df67991322f2f952d6a25bbe3972ef0543a08d7ea00dff7b8577f8f3ca196c6544114
  languageName: node
  linkType: hard

"micromark-extension-gfm-strikethrough@npm:~0.6.5":
  version: 0.6.5
  resolution: "micromark-extension-gfm-strikethrough@npm:0.6.5"
  dependencies:
    micromark: ~2.11.0
  checksum: c14e953b833718f56a71a650e9c2958fdb2b91093d7304043443eb64a8287cb8ff776d3cec0d40ca00ccd69357438f3dcac2cc40d3f16e47230cfbce72a1cf51
  languageName: node
  linkType: hard

"micromark-extension-gfm-table@npm:~0.4.0":
  version: 0.4.3
  resolution: "micromark-extension-gfm-table@npm:0.4.3"
  dependencies:
    micromark: ~2.11.0
  checksum: 0f4be3a1206024845bbc2495ea3b2a255bf5287af3747733d398adf962bfcf6f0c452dc66e268ab84f41b64a2f8113028887034045450bad43a48a8b5583bc14
  languageName: node
  linkType: hard

"micromark-extension-gfm-tagfilter@npm:~0.3.0":
  version: 0.3.0
  resolution: "micromark-extension-gfm-tagfilter@npm:0.3.0"
  checksum: 5a81cffbcad7f314ddb3b761c5e2db5a5286e231e68559861da821ee748838cc9323fd22af5cbbe68569e826fa8159f2f2b0d53dc8aecc458ef48b2503a071fb
  languageName: node
  linkType: hard

"micromark-extension-gfm-task-list-item@npm:~0.3.0":
  version: 0.3.3
  resolution: "micromark-extension-gfm-task-list-item@npm:0.3.3"
  dependencies:
    micromark: ~2.11.0
  checksum: e94e02eb2509a6ced49a6b296a7c503068488da79b5d3a3e4dfe5dcd5abdb95a1f305c087abb4ca3f7c90112ae29d628b30edeadaf53d3eec9dfe338bb678650
  languageName: node
  linkType: hard

"micromark-extension-gfm@npm:^0.3.0":
  version: 0.3.3
  resolution: "micromark-extension-gfm@npm:0.3.3"
  dependencies:
    micromark: ~2.11.0
    micromark-extension-gfm-autolink-literal: ~0.5.0
    micromark-extension-gfm-strikethrough: ~0.6.5
    micromark-extension-gfm-table: ~0.4.0
    micromark-extension-gfm-tagfilter: ~0.3.0
    micromark-extension-gfm-task-list-item: ~0.3.0
  checksum: 6ed94c6213687b84c7b2dbacf8a50b078c60fd960bc9ddb3ec742fc298b8f7d5dcd8e9ab2a73fb8b423a0b11bf0a1565bc24bf45b45009f2693690277a7675df
  languageName: node
  linkType: hard

"micromark@npm:^2.11.3, micromark@npm:~2.11.0, micromark@npm:~2.11.3":
  version: 2.11.4
  resolution: "micromark@npm:2.11.4"
  dependencies:
    debug: ^4.0.0
    parse-entities: ^2.0.0
  checksum: 67307cbacae621ab1eb23e333a5addc7600cf97d3b40cad22fc1c2d03d734d6d9cbc3f5a7e5d655a8c0862a949abe590ab7cfa96be366bfe09e239a94e6eea55
  languageName: node
  linkType: hard

"mime-db@npm:1.50.0":
  version: 1.50.0
  resolution: "mime-db@npm:1.50.0"
  checksum: 2719d80d8cf1b3209d2c354a0e0f73d3c1a896d416eb0b185ed680dc795f35c0ca0273e60f6ff8b02b058d9bd86a9dfc32619762fce0a6a6e55df8d48ab4276a
  languageName: node
  linkType: hard

"mime-types@npm:^2.1.12":
  version: 2.1.33
  resolution: "mime-types@npm:2.1.33"
  dependencies:
    mime-db: 1.50.0
  checksum: 251e5d7e2e2e7bf7d97d8f68af4eff737c8fde5a35845b2222318662c1ff336bf91a3a2baf4ad3cd8f00f1b2537a25d45d58e5327ee4c417cea53de1c24510b4
  languageName: node
  linkType: hard

"mimic-fn@npm:^2.1.0":
  version: 2.1.0
  resolution: "mimic-fn@npm:2.1.0"
  checksum: b26f5479d7ec6cc2bce275a08f146cf78f5e7b661b18114e2506dd91ec7ec47e7a25bf4360e5438094db0560bcc868079fb3b1fb3892b833c1ecbf63f80c95a4
  languageName: node
  linkType: hard

"ms@npm:2.1.2":
  version: 2.1.2
  resolution: "ms@npm:2.1.2"
  checksum: a437714e2f90dbf881b5191d35a6db792efbca5badf112f87b9e1c712aace4b4b9b742dd6537f3edf90fd6f684de897cec230abde57e87883766712ddda297cc
  languageName: node
  linkType: hard

"myblog@workspace:.":
  version: 0.0.0-use.local
  resolution: "myblog@workspace:."
  dependencies:
    joplin-blog: ^0.7.0
  languageName: unknown
  linkType: soft

"node-fetch@npm:^2.6.1":
  version: 2.6.5
  resolution: "node-fetch@npm:2.6.5"
  dependencies:
    whatwg-url: ^5.0.0
  checksum: 5ef1783bb1d0f3df82b8fbf09635d408e951a79f4424bb7eb39594fa327cd9d85bbf713f474c4e832116b48e0874cb0ac2b4497599c66d0c1ab6dc5ad284b7ba
  languageName: node
  linkType: hard

"npm-run-path@npm:^4.0.0":
  version: 4.0.1
  resolution: "npm-run-path@npm:4.0.1"
  dependencies:
    path-key: ^3.0.0
  checksum: 6f9353a95288f8455cf64cbeb707b28826a7f29690244c1e4bb61ec573256e021b6ad6651b394eb1ccfd00d6ec50147253aba2c5fe58a57ceb111fad62c519ac
  languageName: node
  linkType: hard

"object-assign@npm:^4.0.0":
  version: 4.1.1
  resolution: "object-assign@npm:4.1.1"
  checksum: 1f4df9945120325d041ccf7b86f31e8bcc14e73d29171e37a7903050e96b81323784ec59f93f102ec635bcf6fa8034ba3ea0a8c7e69fa202b87ae3b6cec5a414
  languageName: node
  linkType: hard

"once@npm:^1.3.1, once@npm:^1.4.0":
  version: 1.4.0
  resolution: "once@npm:1.4.0"
  dependencies:
    wrappy: 1
  checksum: 5d48aca287dfefabd756621c5dfce5c91a549a93e9fdb7b8246bc4c4790aa2ec17b34a260530474635147aeb631a2dcc8b32c613df0675f96041cbb8244517d0
  languageName: node
  linkType: hard

"onetime@npm:^5.1.0":
  version: 5.1.2
  resolution: "onetime@npm:5.1.2"
  dependencies:
    mimic-fn: ^2.1.0
  checksum: ffcef6fbb2692c3c40749f31ea2e22677a876daea92959b8a80b521d95cca7a668c884d8b2045d1d8ee7d56796aa405c405462af112a1477594cc63531baeb8f
  languageName: node
  linkType: hard

"ora@npm:^5.4.0":
  version: 5.4.1
  resolution: "ora@npm:5.4.1"
  dependencies:
    bl: ^4.1.0
    chalk: ^4.1.0
    cli-cursor: ^3.1.0
    cli-spinners: ^2.5.0
    is-interactive: ^1.0.0
    is-unicode-supported: ^0.1.0
    log-symbols: ^4.1.0
    strip-ansi: ^6.0.0
    wcwidth: ^1.0.1
  checksum: 10ff14aace236d0e2f044193362b22edce4784add08b779eccc8f8ef97195cae1248db8ec1ec5f5ff076f91acbe573f5f42a98c19b78dba8c54eefff983cae85
  languageName: node
  linkType: hard

"os-locale@npm:^5.0.0":
  version: 5.0.0
  resolution: "os-locale@npm:5.0.0"
  dependencies:
    execa: ^4.0.0
    lcid: ^3.0.0
    mem: ^5.0.0
  checksum: f86237f8e6110651e5b10462ec45bbc7b9940fe2b65cba1fd0e07e2790762881f1835fd71316065326c528b0fb54301e85a1fa2f8ab144bfa587fffa04c735d6
  languageName: node
  linkType: hard

"p-defer@npm:^1.0.0":
  version: 1.0.0
  resolution: "p-defer@npm:1.0.0"
  checksum: ed603c3790e74b061ac2cb07eb6e65802cf58dce0fbee646c113a7b71edb711101329ad38f99e462bd2e343a74f6e9366b496a35f1d766c187084d3109900487
  languageName: node
  linkType: hard

"p-is-promise@npm:^2.1.0":
  version: 2.1.0
  resolution: "p-is-promise@npm:2.1.0"
  checksum: 115c50960739c26e9b3e8a3bd453341a3b02a2e5ba41109b904ff53deb0b941ef81b196e106dc11f71698f591b23055c82d81188b7b670e9d5e28bc544b0674d
  languageName: node
  linkType: hard

"parse-entities@npm:^2.0.0":
  version: 2.0.0
  resolution: "parse-entities@npm:2.0.0"
  dependencies:
    character-entities: ^1.0.0
    character-entities-legacy: ^1.0.0
    character-reference-invalid: ^1.0.0
    is-alphanumerical: ^1.0.0
    is-decimal: ^1.0.0
    is-hexadecimal: ^1.0.0
  checksum: f85a22c0ea406ff26b53fdc28641f01cc36fa49eb2e3135f02693286c89ef0bcefc2262d99b3688e20aac2a14fd10b75c518583e875c1b9fe3d1f937795e0854
  languageName: node
  linkType: hard

"path-key@npm:^3.0.0, path-key@npm:^3.1.0":
  version: 3.1.1
  resolution: "path-key@npm:3.1.1"
  checksum: 748c43efd5a569c039d7a00a03b58eecd1d75f3999f5a28303d75f521288df4823bc057d8784eb72358b2895a05f29a070bc9f1f17d28226cc4e62494cc58c4c
  languageName: node
  linkType: hard

"prettier@npm:^2.2.1":
  version: 2.4.1
  resolution: "prettier@npm:2.4.1"
  bin:
    prettier: bin-prettier.js
  checksum: eccb2c486117d6f8d171a8589924324056648ad2a798a5222fab2ef751aa47c6048792dff03ecadeaac4b7e0a5aef8ef64e413f43947d651022bc7f4480882f5
  languageName: node
  linkType: hard

"pump@npm:^3.0.0":
  version: 3.0.0
  resolution: "pump@npm:3.0.0"
  dependencies:
    end-of-stream: ^1.1.0
    once: ^1.3.1
  checksum: bbdeda4f747cdf47db97428f3a135728669e56a0ae5f354a9ac5b74556556f5446a46f720a8f14ca2ece5be9b4d5d23c346db02b555f46739934cc6c093a5478
  languageName: node
  linkType: hard

"query-string@npm:^6.13.7":
  version: 6.14.1
  resolution: "query-string@npm:6.14.1"
  dependencies:
    decode-uri-component: ^0.2.0
    filter-obj: ^1.1.0
    split-on-first: ^1.0.0
    strict-uri-encode: ^2.0.0
  checksum: 900e0fa788000e9dc5f929b6f4141742dcf281f02d3bab9714bc83bea65fab3de75169ea8d61f19cda996bc0dcec72e156efe3c5614c6bce65dcf234ac955b14
  languageName: node
  linkType: hard

"readable-stream@npm:^3.4.0":
  version: 3.6.0
  resolution: "readable-stream@npm:3.6.0"
  dependencies:
    inherits: ^2.0.3
    string_decoder: ^1.1.1
    util-deprecate: ^1.0.1
  checksum: 937bedd29ac8a68331666291922bea892fa2be1a33269e582de9f844a2002f146cf831e39cd49fe6a378d3f0c27358f259ed0e20d20f0bdc6a3f8fc21fce42dc
  languageName: node
  linkType: hard

"regenerator-runtime@npm:^0.13.4":
  version: 0.13.9
  resolution: "regenerator-runtime@npm:0.13.9"
  checksum: b0f26612204f061a84064d2f3361629eae09993939112b9ffc3680bb369ecd125764d6654eace9ef11b36b44282ee52b988dda946ea52d372e7599a30eea73ee
  languageName: node
  linkType: hard

"remark-gfm@npm:^1.0.0":
  version: 1.0.0
  resolution: "remark-gfm@npm:1.0.0"
  dependencies:
    mdast-util-gfm: ^0.1.0
    micromark-extension-gfm: ^0.3.0
  checksum: 929a2328b1a0c63c38cc1678a41089f75f594fb928c02bfcfe967702377ede245fec0ed45a258fe0af421dda547439911260b8621b2ea6819eaa5f6b47d2bb4c
  languageName: node
  linkType: hard

"remark-parse@npm:^9.0.0":
  version: 9.0.0
  resolution: "remark-parse@npm:9.0.0"
  dependencies:
    mdast-util-from-markdown: ^0.8.0
  checksum: 7523b2a2e3c7a80f7530b4d5615e8862890abe321cdc4f6f7b103c70ceb4b3eca14cc71127149f05d5e29ed521b0c7505af9f11b1293921cf7cdf6d794104a21
  languageName: node
  linkType: hard

"remark-stringify@npm:^9.0.1":
  version: 9.0.1
  resolution: "remark-stringify@npm:9.0.1"
  dependencies:
    mdast-util-to-markdown: ^0.6.0
  checksum: 3d3b3736f993f94b66f7af60f9d20481e1bd6d262a7c141809d3bb1b3a5eaea3a5f51b56672aad57f0c7d43654448f95254ed4e9fab53964cafe0dce6dfa87ae
  languageName: node
  linkType: hard

"repeat-string@npm:^1.0.0":
  version: 1.6.1
  resolution: "repeat-string@npm:1.6.1"
  checksum: 87fa21bfdb2fbdedc44b9a5b118b7c1239bdd2c2c1e42742ef9119b7d412a5137a1d23f1a83dc6bb686f4f27429ac6f542e3d923090b44181bafa41e8ac0174d
  languageName: node
  linkType: hard

"restore-cursor@npm:^3.1.0":
  version: 3.1.0
  resolution: "restore-cursor@npm:3.1.0"
  dependencies:
    onetime: ^5.1.0
    signal-exit: ^3.0.2
  checksum: 8051a371d6aa67ff21625fa94e2357bd81ffdc96267f3fb0fc4aaf4534028343836548ef34c240ffa8c25b280ca35eb36be00b3cb2133fa4f51896d7e73c6b4f
  languageName: node
  linkType: hard

"safe-buffer@npm:~5.2.0":
  version: 5.2.1
  resolution: "safe-buffer@npm:5.2.1"
  checksum: 6501914237c0a86e9675d4e51d89ca3c21ffd6a31642efeba25ad65720bce6921c9e7e974e5be91a786b25aa058b5303285d3c15dbabf983a919f5f630d349f3
  languageName: node
  linkType: hard

"shebang-command@npm:^2.0.0":
  version: 2.0.0
  resolution: "shebang-command@npm:2.0.0"
  dependencies:
    shebang-regex: ^3.0.0
  checksum: a41692e7d89a553ef21d324a5cceb5f686d1f3c040759c50aab69688634688c5c327f26f3ecf7001ebfd78c01f3c7c0a11a7c8bfd0a8bc9f6240d4f40b224e4e
  languageName: node
  linkType: hard

"shebang-regex@npm:^3.0.0":
  version: 3.0.0
  resolution: "shebang-regex@npm:3.0.0"
  checksum: 1dbed0726dd0e1152a92696c76c7f06084eb32a90f0528d11acd764043aacf76994b2fb30aa1291a21bd019d6699164d048286309a278855ee7bec06cf6fb690
  languageName: node
  linkType: hard

"signal-exit@npm:^3.0.2":
  version: 3.0.5
  resolution: "signal-exit@npm:3.0.5"
  checksum: 196edc741ff77e19aa80086b608ef15156ad46c927d4039a6e66d034743ab814f541d125f898861a02cfc028825d5597d5db5c45c57f8a80f3de5d186c5a0d14
  languageName: node
  linkType: hard

"split-on-first@npm:^1.0.0":
  version: 1.1.0
  resolution: "split-on-first@npm:1.1.0"
  checksum: 56df8344f5a5de8521898a5c090023df1d8b8c75be6228f56c52491e0fc1617a5236f2ac3a066adb67a73231eac216ccea7b5b4a2423a543c277cb2f48d24c29
  languageName: node
  linkType: hard

"strict-uri-encode@npm:^2.0.0":
  version: 2.0.0
  resolution: "strict-uri-encode@npm:2.0.0"
  checksum: 010cbc78da0e2cf833b0f5dc769e21ae74cdc5d5f5bd555f14a4a4876c8ad2c85ab8b5bdf9a722dc71a11dcd3184085e1c3c0bd50ec6bb85fffc0f28cf82597d
  languageName: node
  linkType: hard

"string_decoder@npm:^1.1.1":
  version: 1.3.0
  resolution: "string_decoder@npm:1.3.0"
  dependencies:
    safe-buffer: ~5.2.0
  checksum: 810614ddb030e271cd591935dcd5956b2410dd079d64ff92a1844d6b7588bf992b3e1b69b0f4d34a3e06e0bd73046ac646b5264c1987b20d0601f81ef35d731d
  languageName: node
  linkType: hard

"strip-ansi@npm:^6.0.0":
  version: 6.0.1
  resolution: "strip-ansi@npm:6.0.1"
  dependencies:
    ansi-regex: ^5.0.1
  checksum: 1ae5f212a126fe5b167707f716942490e3933085a5ff6c008ab97ab2f272c8025d3aa218b7bd6ab25729ca20cc81cddb252102f8751e13482a5199e873680952
  languageName: node
  linkType: hard

"strip-final-newline@npm:^2.0.0":
  version: 2.0.0
  resolution: "strip-final-newline@npm:2.0.0"
  checksum: bddf8ccd47acd85c0e09ad7375409d81653f645fda13227a9d459642277c253d877b68f2e5e4d819fe75733b0e626bac7e954c04f3236f6d196f79c94fa4a96f
  languageName: node
  linkType: hard

"supports-color@npm:^7.1.0":
  version: 7.2.0
  resolution: "supports-color@npm:7.2.0"
  dependencies:
    has-flag: ^4.0.0
  checksum: afb4c88521b8b136b5f5f95160c98dee7243dc79d5432db7efc27efb219385bbc7d9427398e43dd6cc730a0f87d5085ce1652af7efbe391327bc0a7d0f7fc124
  languageName: node
  linkType: hard

"tr46@npm:~0.0.3":
  version: 0.0.3
  resolution: "tr46@npm:0.0.3"
  checksum: 047cb209a6b60c742f05c9d3ace8fa510bff609995c129a37ace03476a9b12db4dbf975e74600830ef0796e18882b2381fb5fb1f6b4f96b832c374de3ab91a11
  languageName: node
  linkType: hard

"trough@npm:^1.0.0":
  version: 1.0.5
  resolution: "trough@npm:1.0.5"
  checksum: f036d0d7f9bc7cfe5ee650d70b57bb1f048f3292adf6c81bb9b228e546b2b2e5b74ea04a060d21472108a8cda05ec4814bbe86f87ee35c182c50cb41b5c1810a
  languageName: node
  linkType: hard

"unified@npm:^9.2.0":
  version: 9.2.2
  resolution: "unified@npm:9.2.2"
  dependencies:
    bail: ^1.0.0
    extend: ^3.0.0
    is-buffer: ^2.0.0
    is-plain-obj: ^2.0.0
    trough: ^1.0.0
    vfile: ^4.0.0
  checksum: a66d71b039c24626802a4664a1f3210f29ab1f75b89fd41933e6ab00561e1ec43a5bec6de32c7ebc86544e5f00ef5836e8fe79a823e81e35825de4e35823eda9
  languageName: node
  linkType: hard

"unist-util-is@npm:^4.0.0":
  version: 4.1.0
  resolution: "unist-util-is@npm:4.1.0"
  checksum: 21ca3d7bacc88853b880b19cb1b133a056c501617d7f9b8cce969cd8b430ed7e1bc416a3a11b02540d5de6fb86807e169d00596108a459d034cf5faec97c055e
  languageName: node
  linkType: hard

"unist-util-map@npm:^2.0.1":
  version: 2.0.1
  resolution: "unist-util-map@npm:2.0.1"
  dependencies:
    "@types/mdast": ^3.0.0
    object-assign: ^4.0.0
  checksum: 60a89f87f4a006dcaa9ab2280ebf84a786345a1aada7c5dd8468421d5a1d31ae141a411867ff0c045eedab362f710b3de679ea9970050087c5ae934c93106b7e
  languageName: node
  linkType: hard

"unist-util-stringify-position@npm:^2.0.0":
  version: 2.0.3
  resolution: "unist-util-stringify-position@npm:2.0.3"
  dependencies:
    "@types/unist": ^2.0.2
  checksum: 46fa03f840df173b7f032cbfffdb502fb05b79b3fb5451681c796cf4985d9087a537833f5afb75d55e79b46bbbe4b3d81dd75a1062f9289091c526aebe201d5d
  languageName: node
  linkType: hard

"unist-util-visit-parents@npm:^3.0.0":
  version: 3.1.1
  resolution: "unist-util-visit-parents@npm:3.1.1"
  dependencies:
    "@types/unist": ^2.0.0
    unist-util-is: ^4.0.0
  checksum: 231c80c5ba8e79263956fcaa25ed2a11ad7fe77ac5ba0d322e9d51bbc4238501e3bb52f405e518bcdc5471e27b33eff520db0aa4a3b1feb9fb6e2de6ae385d49
  languageName: node
  linkType: hard

"unist-util-visit@npm:^2.0.3":
  version: 2.0.3
  resolution: "unist-util-visit@npm:2.0.3"
  dependencies:
    "@types/unist": ^2.0.0
    unist-util-is: ^4.0.0
    unist-util-visit-parents: ^3.0.0
  checksum: 7b11303d82271ca53a2ced2d56c87a689dd518596c99ff4a11cdff750f5cc5c0e4b64b146bd2363557cb29443c98713bfd1e8dc6d1c3f9d474b9eb1f23a60888
  languageName: node
  linkType: hard

"universalify@npm:^2.0.0":
  version: 2.0.0
  resolution: "universalify@npm:2.0.0"
  checksum: 07092b9f46df61b823d8ab5e57f0ee5120c178b39609a95e4a15a98c42f6b0b8e834e66fbb47ff92831786193be42f1fd36347169b88ce8639d0f9670af24a71
  languageName: node
  linkType: hard

"util-deprecate@npm:^1.0.1":
  version: 1.0.2
  resolution: "util-deprecate@npm:1.0.2"
  checksum: 41a5bdd214df2f6c3ecf8622745e4a366c4adced864bc3c833739791aeeeb1838119af7daed4ba36428114b5c67dcda034a79c882e97e43c03e66a4dd7389942
  languageName: node
  linkType: hard

"vfile-message@npm:^2.0.0":
  version: 2.0.4
  resolution: "vfile-message@npm:2.0.4"
  dependencies:
    "@types/unist": ^2.0.0
    unist-util-stringify-position: ^2.0.0
  checksum: ce50d90e0e5dc8f995f39602dd2404f1756388a54209c983d259b17c15e6f262a53546977a638065bc487d0657799fa96f4c1ba6b2915d9724a4968e9c7ff1c8
  languageName: node
  linkType: hard

"vfile@npm:^4.0.0":
  version: 4.2.1
  resolution: "vfile@npm:4.2.1"
  dependencies:
    "@types/unist": ^2.0.0
    is-buffer: ^2.0.0
    unist-util-stringify-position: ^2.0.0
    vfile-message: ^2.0.0
  checksum: 4816aecfedc794ba4d3131abff2032ef0e825632cfa8cd20dd9d83819ef260589924f4f3e8fa30e06da2d8e60d7ec8ef7d0af93e0483df62890738258daf098a
  languageName: node
  linkType: hard

"wcwidth@npm:^1.0.1":
  version: 1.0.1
  resolution: "wcwidth@npm:1.0.1"
  dependencies:
    defaults: ^1.0.3
  checksum: 5b61ca583a95e2dd85d7078400190efd452e05751a64accb8c06ce4db65d7e0b0cde9917d705e826a2e05cc2548f61efde115ffa374c3e436d04be45c889e5b4
  languageName: node
  linkType: hard

"webidl-conversions@npm:^3.0.0":
  version: 3.0.1
  resolution: "webidl-conversions@npm:3.0.1"
  checksum: 5612d5f3e54760a797052eb4927f0ddc01383550f542ccd33d5238cfd65aeed392a45ad38364970d0a0f4fea32e1f4d231b3d8dac4a3bdd385e5cf802ae097db
  languageName: node
  linkType: hard

"whatwg-url@npm:^5.0.0":
  version: 5.0.0
  resolution: "whatwg-url@npm:5.0.0"
  dependencies:
    tr46: ~0.0.3
    webidl-conversions: ^3.0.0
  checksum: 1588bed84d10b72d5eec1d0faa0722ba1962f1821e7539c535558fb5398d223b0c50d8acab950b8c488b4ba69043fd833cc2697056b167d8ad46fac3995a55d5
  languageName: node
  linkType: hard

"which@npm:^2.0.1":
  version: 2.0.2
  resolution: "which@npm:2.0.2"
  dependencies:
    isexe: ^2.0.0
  bin:
    node-which: ./bin/node-which
  checksum: 66522872a768b60c2a65a57e8ad184e5372f5b6a9ca6d5f033d4b0dc98aff63995655a7503b9c0a2598936f532120e81dd8cc155e2e92ed662a2b9377cc4374f
  languageName: node
  linkType: hard

"wrappy@npm:1":
  version: 1.0.2
  resolution: "wrappy@npm:1.0.2"
  checksum: 56fece1a4018c6a6c8e28fbc88c87e0fbf4ea8fd64fc6c63b18f4acc4bd13e0ad2515189786dd2c30d3eec9663d70f4ecf699330002f8ccb547e4a18231fc9f0
  languageName: node
  linkType: hard

"yaml@npm:^1.10.0":
  version: 1.10.2
  resolution: "yaml@npm:1.10.2"
  checksum: 5c28b9eb7adc46544f28d9a8d20c5b3cb1215a886609a2fd41f51628d8aaa5878ccd628b755dbcd29f6bb4921bd04ffbc6dcc370689bb96e594e2f9813d2605f
  languageName: node
  linkType: hard

"zwitch@npm:^1.0.0":
  version: 1.0.5
  resolution: "zwitch@npm:1.0.5"
  checksum: 26dc7d32e5596824b565db1da9650d00d32659c1211195bef50c25c60820f9c942aa7abefe678fc1ed0b97c1755036ac1bde5f97881d7d0e73e04e02aca56957
  languageName: node
  linkType: hard
